
Microsoft Visual Studio Solution File, Format Version 12.00
# Visual Studio Version 17
VisualStudioVersion = 17.11.35327.3
MinimumVisualStudioVersion = 10.0.40219.1
Project("{FAE04EC0-301F-11D3-BF4B-00C04F79EFBC}") = "mf-apis-web-services-fuel-manager", "mf-apis-web-services-fuel-manager\mf-apis-web-services-fuel-manager.csproj", "{658F6C8A-9F82-40CE-84CE-A5BF1D69E6F9}"
EndProject
Global
	GlobalSection(SolutionConfigurationPlatforms) = preSolution
		Debug|Any CPU = Debug|Any CPU
		Release|Any CPU = Release|Any CPU
	EndGlobalSection
	GlobalSection(ProjectConfigurationPlatforms) = postSolution
		{658F6C8A-9F82-40CE-84CE-A5BF1D69E6F9}.Debug|Any CPU.ActiveCfg = Debug|Any CPU
		{658F6C8A-9F82-40CE-84CE-A5BF1D69E6F9}.Debug|Any CPU.Build.0 = Debug|Any CPU
		{658F6C8A-9F82-40CE-84CE-A5BF1D69E6F9}.Release|Any CPU.ActiveCfg = Release|Any CPU
		{658F6C8A-9F82-40CE-84CE-A5BF1D69E6F9}.Release|Any CPU.Build.0 = Release|Any CPU
	EndGlobalSection
	GlobalSection(SolutionProperties) = preSolution
		HideSolutionNode = FALSE
	EndGlobalSection
	GlobalSection(ExtensibilityGlobals) = postSolution
		SolutionGuid = {0FE714DB-8AA9-4D9C-85FA-9F86D7480581}
	EndGlobalSection
EndGlobal
